
Microsoft Visual Studio Solution File, Format Version 12.00
# Visual Studio Version 16
VisualStudioVersion = 16.0.29318.209
MinimumVisualStudioVersion = 10.0.40219.1
Project("{FAE04EC0-301F-11D3-BF4B-00C04F79EFBC}") = "ConsoleApp3", "ConsoleApp3\ConsoleApp3.csproj", "{635A80BF-892C-4E18-878C-5B1D37366625}"
EndProject
Global
	GlobalSection(SolutionConfigurationPlatforms) = preSolution
		Debug|Any CPU = Debug|Any CPU
		Release|Any CPU = Release|Any CPU
	EndGlobalSection
	GlobalSection(ProjectConfigurationPlatforms) = postSolution
		{635A80BF-892C-4E18-878C-5B1D37366625}.Debug|Any CPU.ActiveCfg = Debug|Any CPU
		{635A80BF-892C-4E18-878C-5B1D37366625}.Debug|Any CPU.Build.0 = Debug|Any CPU
		{635A80BF-892C-4E18-878C-5B1D37366625}.Release|Any CPU.ActiveCfg = Release|Any CPU
		{635A80BF-892C-4E18-878C-5B1D37366625}.Release|Any CPU.Build.0 = Release|Any CPU
	EndGlobalSection
	GlobalSection(SolutionProperties) = preSolution
		HideSolutionNode = FALSE
	EndGlobalSection
	GlobalSection(ExtensibilityGlobals) = postSolution
		SolutionGuid = {213ED534-6682-4626-8718-651CE8D80D40}
	EndGlobalSection
EndGlobal
